
Microsoft Visual Studio Solution File, Format Version 12.00
# Visual Studio Version 17
VisualStudioVersion = 17.2.32630.192
MinimumVisualStudioVersion = 10.0.40219.1
Project("{9A19103F-16F7-4668-BE54-9A1E7A4F7556}") = "F10Y.L0080", "F10Y.L0080\F10Y.L0080.csproj", "{37883F6F-FC43-43B2-A6AC-5DE12ADF7AF7}"
EndProject
Project("{2150E333-8FDC-42A3-9474-1A3956D46DE8}") = "_Dependencies", "_Dependencies", "{093D76A8-B7BE-483D-900B-BBB849FB9012}"
EndProject
Project("{9A19103F-16F7-4668-BE54-9A1E7A4F7556}") = "F10Y.L0000", "..\..\F10Y.L0000\source\F10Y.L0000\F10Y.L0000.csproj", "{E0EDEDDE-1EE6-4DEB-AA2A-8817BCEF8E04}"
EndProject
Project("{9A19103F-16F7-4668-BE54-9A1E7A4F7556}") = "F10Y.L0060", "..\..\F10Y.L0060\source\F10Y.L0060\F10Y.L0060.csproj", "{70488FA0-8363-4071-8C1C-653BE793ADAE}"
EndProject
Project("{9A19103F-16F7-4668-BE54-9A1E7A4F7556}") = "F10Y.T0000", "..\..\F10Y.T0000\source\F10Y.T0000\F10Y.T0000.csproj", "{690AADFC-84D2-42C9-A39D-64991B3F28D0}"
EndProject
Project("{9A19103F-16F7-4668-BE54-9A1E7A4F7556}") = "F10Y.T0001", "..\..\F10Y.T0001\source\F10Y.T0001\F10Y.T0001.csproj", "{9A9942C3-828B-483A-8A02-97C1139BD5EE}"
EndProject
Project("{9A19103F-16F7-4668-BE54-9A1E7A4F7556}") = "F10Y.T0002", "..\..\F10Y.T0002\source\F10Y.T0002\F10Y.T0002.csproj", "{41A9FAD5-38F1-43A6-9C31-5F4C18F3D057}"
EndProject
Project("{9A19103F-16F7-4668-BE54-9A1E7A4F7556}") = "F10Y.T0003", "..\..\F10Y.T0003\source\F10Y.T0003\F10Y.T0003.csproj", "{2744E39B-FF89-41D6-B029-F4805CEBC15B}"
EndProject
Project("{9A19103F-16F7-4668-BE54-9A1E7A4F7556}") = "F10Y.T0004", "..\..\F10Y.T0004\source\F10Y.T0004\F10Y.T0004.csproj", "{A30D3326-1071-4A91-813E-6A78CA46D359}"
EndProject
Project("{9A19103F-16F7-4668-BE54-9A1E7A4F7556}") = "F10Y.T0011", "..\..\F10Y.T0011\source\F10Y.T0011\F10Y.T0011.csproj", "{6F09EA93-D6A4-4FD8-962D-8947C7FB843D}"
EndProject
Project("{9A19103F-16F7-4668-BE54-9A1E7A4F7556}") = "F10Y.Y0000", "..\..\F10Y.Y0000\source\F10Y.Y0000\F10Y.Y0000.csproj", "{A034BF84-37D6-41DC-8CFD-426AE596640B}"
EndProject
Global
	GlobalSection(NestedProjects) = preSolution
		{E0EDEDDE-1EE6-4DEB-AA2A-8817BCEF8E04} = {093D76A8-B7BE-483D-900B-BBB849FB9012}
		{70488FA0-8363-4071-8C1C-653BE793ADAE} = {093D76A8-B7BE-483D-900B-BBB849FB9012}
		{690AADFC-84D2-42C9-A39D-64991B3F28D0} = {093D76A8-B7BE-483D-900B-BBB849FB9012}
		{9A9942C3-828B-483A-8A02-97C1139BD5EE} = {093D76A8-B7BE-483D-900B-BBB849FB9012}
		{41A9FAD5-38F1-43A6-9C31-5F4C18F3D057} = {093D76A8-B7BE-483D-900B-BBB849FB9012}
		{2744E39B-FF89-41D6-B029-F4805CEBC15B} = {093D76A8-B7BE-483D-900B-BBB849FB9012}
		{A30D3326-1071-4A91-813E-6A78CA46D359} = {093D76A8-B7BE-483D-900B-BBB849FB9012}
		{6F09EA93-D6A4-4FD8-962D-8947C7FB843D} = {093D76A8-B7BE-483D-900B-BBB849FB9012}
		{A034BF84-37D6-41DC-8CFD-426AE596640B} = {093D76A8-B7BE-483D-900B-BBB849FB9012}
	EndGlobalSection
	GlobalSection(SolutionConfigurationPlatforms) = preSolution
		Debug|Any CPU = Debug|Any CPU
		Release|Any CPU = Release|Any CPU
	EndGlobalSection
	GlobalSection(ProjectConfigurationPlatforms) = postSolution
		{37883F6F-FC43-43B2-A6AC-5DE12ADF7AF7}.Debug|Any CPU.ActiveCfg = Debug|Any CPU
		{37883F6F-FC43-43B2-A6AC-5DE12ADF7AF7}.Debug|Any CPU.Build.0 = Debug|Any CPU
		{37883F6F-FC43-43B2-A6AC-5DE12ADF7AF7}.Release|Any CPU.ActiveCfg = Release|Any CPU
		{37883F6F-FC43-43B2-A6AC-5DE12ADF7AF7}.Release|Any CPU.Build.0 = Release|Any CPU
		{E0EDEDDE-1EE6-4DEB-AA2A-8817BCEF8E04}.Debug|Any CPU.ActiveCfg = Debug|Any CPU
		{E0EDEDDE-1EE6-4DEB-AA2A-8817BCEF8E04}.Debug|Any CPU.Build.0 = Debug|Any CPU
		{E0EDEDDE-1EE6-4DEB-AA2A-8817BCEF8E04}.Release|Any CPU.ActiveCfg = Release|Any CPU
		{E0EDEDDE-1EE6-4DEB-AA2A-8817BCEF8E04}.Release|Any CPU.Build.0 = Release|Any CPU
		{70488FA0-8363-4071-8C1C-653BE793ADAE}.Debug|Any CPU.ActiveCfg = Debug|Any CPU
		{70488FA0-8363-4071-8C1C-653BE793ADAE}.Debug|Any CPU.Build.0 = Debug|Any CPU
		{70488FA0-8363-4071-8C1C-653BE793ADAE}.Release|Any CPU.ActiveCfg = Release|Any CPU
		{70488FA0-8363-4071-8C1C-653BE793ADAE}.Release|Any CPU.Build.0 = Release|Any CPU
		{690AADFC-84D2-42C9-A39D-64991B3F28D0}.Debug|Any CPU.ActiveCfg = Debug|Any CPU
		{690AADFC-84D2-42C9-A39D-64991B3F28D0}.Debug|Any CPU.Build.0 = Debug|Any CPU
		{690AADFC-84D2-42C9-A39D-64991B3F28D0}.Release|Any CPU.ActiveCfg = Release|Any CPU
		{690AADFC-84D2-42C9-A39D-64991B3F28D0}.Release|Any CPU.Build.0 = Release|Any CPU
		{9A9942C3-828B-483A-8A02-97C1139BD5EE}.Debug|Any CPU.ActiveCfg = Debug|Any CPU
		{9A9942C3-828B-483A-8A02-97C1139BD5EE}.Debug|Any CPU.Build.0 = Debug|Any CPU
		{9A9942C3-828B-483A-8A02-97C1139BD5EE}.Release|Any CPU.ActiveCfg = Release|Any CPU
		{9A9942C3-828B-483A-8A02-97C1139BD5EE}.Release|Any CPU.Build.0 = Release|Any CPU
		{41A9FAD5-38F1-43A6-9C31-5F4C18F3D057}.Debug|Any CPU.ActiveCfg = Debug|Any CPU
		{41A9FAD5-38F1-43A6-9C31-5F4C18F3D057}.Debug|Any CPU.Build.0 = Debug|Any CPU
		{41A9FAD5-38F1-43A6-9C31-5F4C18F3D057}.Release|Any CPU.ActiveCfg = Release|Any CPU
		{41A9FAD5-38F1-43A6-9C31-5F4C18F3D057}.Release|Any CPU.Build.0 = Release|Any CPU
		{2744E39B-FF89-41D6-B029-F4805CEBC15B}.Debug|Any CPU.ActiveCfg = Debug|Any CPU
		{2744E39B-FF89-41D6-B029-F4805CEBC15B}.Debug|Any CPU.Build.0 = Debug|Any CPU
		{2744E39B-FF89-41D6-B029-F4805CEBC15B}.Release|Any CPU.ActiveCfg = Release|Any CPU
		{2744E39B-FF89-41D6-B029-F4805CEBC15B}.Release|Any CPU.Build.0 = Release|Any CPU
		{A30D3326-1071-4A91-813E-6A78CA46D359}.Debug|Any CPU.ActiveCfg = Debug|Any CPU
		{A30D3326-1071-4A91-813E-6A78CA46D359}.Debug|Any CPU.Build.0 = Debug|Any CPU
		{A30D3326-1071-4A91-813E-6A78CA46D359}.Release|Any CPU.ActiveCfg = Release|Any CPU
		{A30D3326-1071-4A91-813E-6A78CA46D359}.Release|Any CPU.Build.0 = Release|Any CPU
		{6F09EA93-D6A4-4FD8-962D-8947C7FB843D}.Debug|Any CPU.ActiveCfg = Debug|Any CPU
		{6F09EA93-D6A4-4FD8-962D-8947C7FB843D}.Debug|Any CPU.Build.0 = Debug|Any CPU
		{6F09EA93-D6A4-4FD8-962D-8947C7FB843D}.Release|Any CPU.ActiveCfg = Release|Any CPU
		{6F09EA93-D6A4-4FD8-962D-8947C7FB843D}.Release|Any CPU.Build.0 = Release|Any CPU
		{A034BF84-37D6-41DC-8CFD-426AE596640B}.Debug|Any CPU.ActiveCfg = Debug|Any CPU
		{A034BF84-37D6-41DC-8CFD-426AE596640B}.Debug|Any CPU.Build.0 = Debug|Any CPU
		{A034BF84-37D6-41DC-8CFD-426AE596640B}.Release|Any CPU.ActiveCfg = Release|Any CPU
		{A034BF84-37D6-41DC-8CFD-426AE596640B}.Release|Any CPU.Build.0 = Release|Any CPU
	EndGlobalSection
	GlobalSection(SolutionProperties) = preSolution
		HideSolutionNode = FALSE
	EndGlobalSection
	GlobalSection(ExtensibilityGlobals) = postSolution
		SolutionGuid = {8BDCF595-7F06-46B7-82DA-2A1EF7889803}
	EndGlobalSection
EndGlobal
