
Microsoft Visual Studio Solution File, Format Version 12.00
# Visual Studio Version 17
VisualStudioVersion = 17.2.32630.192
MinimumVisualStudioVersion = 10.0.40219.1
Project("{9A19103F-16F7-4668-BE54-9A1E7A4F7556}") = "F10Y.L0080.Construction", "F10Y.L0080.Construction\F10Y.L0080.Construction.csproj", "{C8EC6004-B751-421E-8361-9377B8A7D172}"
EndProject
Project("{9A19103F-16F7-4668-BE54-9A1E7A4F7556}") = "F10Y.L0080", "F10Y.L0080\F10Y.L0080.csproj", "{E787D150-894A-479D-A92F-02873E4B4C6F}"
EndProject
Project("{2150E333-8FDC-42A3-9474-1A3956D46DE8}") = "_Dependencies", "_Dependencies", "{070046A3-7038-4676-BE6F-C262C5A89E48}"
EndProject
Project("{9A19103F-16F7-4668-BE54-9A1E7A4F7556}") = "F10Y.L0000", "..\..\F10Y.L0000\source\F10Y.L0000\F10Y.L0000.csproj", "{2D39F392-A040-459F-BF40-1E620A3DD439}"
EndProject
Project("{9A19103F-16F7-4668-BE54-9A1E7A4F7556}") = "F10Y.L0060", "..\..\F10Y.L0060\source\F10Y.L0060\F10Y.L0060.csproj", "{BE60CF3D-F642-4DF8-B509-28A8A9F4628E}"
EndProject
Project("{9A19103F-16F7-4668-BE54-9A1E7A4F7556}") = "F10Y.T0000", "..\..\F10Y.T0000\source\F10Y.T0000\F10Y.T0000.csproj", "{1540E202-9D78-4258-9465-F238E59FF43E}"
EndProject
Project("{9A19103F-16F7-4668-BE54-9A1E7A4F7556}") = "F10Y.T0001", "..\..\F10Y.T0001\source\F10Y.T0001\F10Y.T0001.csproj", "{50460F5E-6C0B-4FB3-88D9-DD0ACA57C01E}"
EndProject
Project("{9A19103F-16F7-4668-BE54-9A1E7A4F7556}") = "F10Y.T0002", "..\..\F10Y.T0002\source\F10Y.T0002\F10Y.T0002.csproj", "{CE3EA574-8451-4379-A6B7-CE638344D762}"
EndProject
Project("{9A19103F-16F7-4668-BE54-9A1E7A4F7556}") = "F10Y.T0003", "..\..\F10Y.T0003\source\F10Y.T0003\F10Y.T0003.csproj", "{B83410E4-36D5-4231-9091-E1F9BE2B1489}"
EndProject
Project("{9A19103F-16F7-4668-BE54-9A1E7A4F7556}") = "F10Y.T0004", "..\..\F10Y.T0004\source\F10Y.T0004\F10Y.T0004.csproj", "{1851F98D-2F2F-4DF4-AB5C-B3646ABAF93A}"
EndProject
Project("{9A19103F-16F7-4668-BE54-9A1E7A4F7556}") = "F10Y.T0011", "..\..\F10Y.T0011\source\F10Y.T0011\F10Y.T0011.csproj", "{DEFDB308-3E39-439B-B748-83B73548D228}"
EndProject
Project("{9A19103F-16F7-4668-BE54-9A1E7A4F7556}") = "F10Y.Y0000", "..\..\F10Y.Y0000\source\F10Y.Y0000\F10Y.Y0000.csproj", "{005095D4-B274-4267-AD06-46B4C3D7CE85}"
EndProject
Project("{9A19103F-16F7-4668-BE54-9A1E7A4F7556}") = "F10Y.L0080.Q000", "F10Y.L0080.Q000\F10Y.L0080.Q000.csproj", "{A7B4D622-A8D9-41A6-ADAD-BE0DF4D15B1D}"
EndProject
Global
	GlobalSection(SolutionConfigurationPlatforms) = preSolution
		Debug|Any CPU = Debug|Any CPU
		Release|Any CPU = Release|Any CPU
	EndGlobalSection
	GlobalSection(ProjectConfigurationPlatforms) = postSolution
		{C8EC6004-B751-421E-8361-9377B8A7D172}.Debug|Any CPU.ActiveCfg = Debug|Any CPU
		{C8EC6004-B751-421E-8361-9377B8A7D172}.Debug|Any CPU.Build.0 = Debug|Any CPU
		{C8EC6004-B751-421E-8361-9377B8A7D172}.Release|Any CPU.ActiveCfg = Release|Any CPU
		{C8EC6004-B751-421E-8361-9377B8A7D172}.Release|Any CPU.Build.0 = Release|Any CPU
		{E787D150-894A-479D-A92F-02873E4B4C6F}.Debug|Any CPU.ActiveCfg = Debug|Any CPU
		{E787D150-894A-479D-A92F-02873E4B4C6F}.Debug|Any CPU.Build.0 = Debug|Any CPU
		{E787D150-894A-479D-A92F-02873E4B4C6F}.Release|Any CPU.ActiveCfg = Release|Any CPU
		{E787D150-894A-479D-A92F-02873E4B4C6F}.Release|Any CPU.Build.0 = Release|Any CPU
		{2D39F392-A040-459F-BF40-1E620A3DD439}.Debug|Any CPU.ActiveCfg = Debug|Any CPU
		{2D39F392-A040-459F-BF40-1E620A3DD439}.Debug|Any CPU.Build.0 = Debug|Any CPU
		{2D39F392-A040-459F-BF40-1E620A3DD439}.Release|Any CPU.ActiveCfg = Release|Any CPU
		{2D39F392-A040-459F-BF40-1E620A3DD439}.Release|Any CPU.Build.0 = Release|Any CPU
		{BE60CF3D-F642-4DF8-B509-28A8A9F4628E}.Debug|Any CPU.ActiveCfg = Debug|Any CPU
		{BE60CF3D-F642-4DF8-B509-28A8A9F4628E}.Debug|Any CPU.Build.0 = Debug|Any CPU
		{BE60CF3D-F642-4DF8-B509-28A8A9F4628E}.Release|Any CPU.ActiveCfg = Release|Any CPU
		{BE60CF3D-F642-4DF8-B509-28A8A9F4628E}.Release|Any CPU.Build.0 = Release|Any CPU
		{1540E202-9D78-4258-9465-F238E59FF43E}.Debug|Any CPU.ActiveCfg = Debug|Any CPU
		{1540E202-9D78-4258-9465-F238E59FF43E}.Debug|Any CPU.Build.0 = Debug|Any CPU
		{1540E202-9D78-4258-9465-F238E59FF43E}.Release|Any CPU.ActiveCfg = Release|Any CPU
		{1540E202-9D78-4258-9465-F238E59FF43E}.Release|Any CPU.Build.0 = Release|Any CPU
		{50460F5E-6C0B-4FB3-88D9-DD0ACA57C01E}.Debug|Any CPU.ActiveCfg = Debug|Any CPU
		{50460F5E-6C0B-4FB3-88D9-DD0ACA57C01E}.Debug|Any CPU.Build.0 = Debug|Any CPU
		{50460F5E-6C0B-4FB3-88D9-DD0ACA57C01E}.Release|Any CPU.ActiveCfg = Release|Any CPU
		{50460F5E-6C0B-4FB3-88D9-DD0ACA57C01E}.Release|Any CPU.Build.0 = Release|Any CPU
		{CE3EA574-8451-4379-A6B7-CE638344D762}.Debug|Any CPU.ActiveCfg = Debug|Any CPU
		{CE3EA574-8451-4379-A6B7-CE638344D762}.Debug|Any CPU.Build.0 = Debug|Any CPU
		{CE3EA574-8451-4379-A6B7-CE638344D762}.Release|Any CPU.ActiveCfg = Release|Any CPU
		{CE3EA574-8451-4379-A6B7-CE638344D762}.Release|Any CPU.Build.0 = Release|Any CPU
		{B83410E4-36D5-4231-9091-E1F9BE2B1489}.Debug|Any CPU.ActiveCfg = Debug|Any CPU
		{B83410E4-36D5-4231-9091-E1F9BE2B1489}.Debug|Any CPU.Build.0 = Debug|Any CPU
		{B83410E4-36D5-4231-9091-E1F9BE2B1489}.Release|Any CPU.ActiveCfg = Release|Any CPU
		{B83410E4-36D5-4231-9091-E1F9BE2B1489}.Release|Any CPU.Build.0 = Release|Any CPU
		{1851F98D-2F2F-4DF4-AB5C-B3646ABAF93A}.Debug|Any CPU.ActiveCfg = Debug|Any CPU
		{1851F98D-2F2F-4DF4-AB5C-B3646ABAF93A}.Debug|Any CPU.Build.0 = Debug|Any CPU
		{1851F98D-2F2F-4DF4-AB5C-B3646ABAF93A}.Release|Any CPU.ActiveCfg = Release|Any CPU
		{1851F98D-2F2F-4DF4-AB5C-B3646ABAF93A}.Release|Any CPU.Build.0 = Release|Any CPU
		{DEFDB308-3E39-439B-B748-83B73548D228}.Debug|Any CPU.ActiveCfg = Debug|Any CPU
		{DEFDB308-3E39-439B-B748-83B73548D228}.Debug|Any CPU.Build.0 = Debug|Any CPU
		{DEFDB308-3E39-439B-B748-83B73548D228}.Release|Any CPU.ActiveCfg = Release|Any CPU
		{DEFDB308-3E39-439B-B748-83B73548D228}.Release|Any CPU.Build.0 = Release|Any CPU
		{005095D4-B274-4267-AD06-46B4C3D7CE85}.Debug|Any CPU.ActiveCfg = Debug|Any CPU
		{005095D4-B274-4267-AD06-46B4C3D7CE85}.Debug|Any CPU.Build.0 = Debug|Any CPU
		{005095D4-B274-4267-AD06-46B4C3D7CE85}.Release|Any CPU.ActiveCfg = Release|Any CPU
		{005095D4-B274-4267-AD06-46B4C3D7CE85}.Release|Any CPU.Build.0 = Release|Any CPU
		{A7B4D622-A8D9-41A6-ADAD-BE0DF4D15B1D}.Debug|Any CPU.ActiveCfg = Debug|Any CPU
		{A7B4D622-A8D9-41A6-ADAD-BE0DF4D15B1D}.Debug|Any CPU.Build.0 = Debug|Any CPU
		{A7B4D622-A8D9-41A6-ADAD-BE0DF4D15B1D}.Release|Any CPU.ActiveCfg = Release|Any CPU
		{A7B4D622-A8D9-41A6-ADAD-BE0DF4D15B1D}.Release|Any CPU.Build.0 = Release|Any CPU
	EndGlobalSection
	GlobalSection(SolutionProperties) = preSolution
		HideSolutionNode = FALSE
	EndGlobalSection
	GlobalSection(NestedProjects) = preSolution
		{2D39F392-A040-459F-BF40-1E620A3DD439} = {070046A3-7038-4676-BE6F-C262C5A89E48}
		{BE60CF3D-F642-4DF8-B509-28A8A9F4628E} = {070046A3-7038-4676-BE6F-C262C5A89E48}
		{1540E202-9D78-4258-9465-F238E59FF43E} = {070046A3-7038-4676-BE6F-C262C5A89E48}
		{50460F5E-6C0B-4FB3-88D9-DD0ACA57C01E} = {070046A3-7038-4676-BE6F-C262C5A89E48}
		{CE3EA574-8451-4379-A6B7-CE638344D762} = {070046A3-7038-4676-BE6F-C262C5A89E48}
		{B83410E4-36D5-4231-9091-E1F9BE2B1489} = {070046A3-7038-4676-BE6F-C262C5A89E48}
		{1851F98D-2F2F-4DF4-AB5C-B3646ABAF93A} = {070046A3-7038-4676-BE6F-C262C5A89E48}
		{DEFDB308-3E39-439B-B748-83B73548D228} = {070046A3-7038-4676-BE6F-C262C5A89E48}
		{005095D4-B274-4267-AD06-46B4C3D7CE85} = {070046A3-7038-4676-BE6F-C262C5A89E48}
	EndGlobalSection
	GlobalSection(ExtensibilityGlobals) = postSolution
		SolutionGuid = {3815A3A5-861C-441F-8B1D-1C7759041033}
	EndGlobalSection
EndGlobal
