
Microsoft Visual Studio Solution File, Format Version 12.00
# Visual Studio Version 17
VisualStudioVersion = 17.2.32630.192
MinimumVisualStudioVersion = 10.0.40219.1
Project("{9A19103F-16F7-4668-BE54-9A1E7A4F7556}") = "F10Y.L0080.Construction", "F10Y.L0080.Construction\F10Y.L0080.Construction.csproj", "{C8EC6004-B751-421E-8361-9377B8A7D172}"
EndProject
Project("{9A19103F-16F7-4668-BE54-9A1E7A4F7556}") = "F10Y.L0080", "F10Y.L0080\F10Y.L0080.csproj", "{E787D150-894A-479D-A92F-02873E4B4C6F}"
EndProject
Global
	GlobalSection(SolutionConfigurationPlatforms) = preSolution
		Debug|Any CPU = Debug|Any CPU
		Release|Any CPU = Release|Any CPU
	EndGlobalSection
	GlobalSection(ProjectConfigurationPlatforms) = postSolution
		{C8EC6004-B751-421E-8361-9377B8A7D172}.Debug|Any CPU.ActiveCfg = Debug|Any CPU
		{C8EC6004-B751-421E-8361-9377B8A7D172}.Debug|Any CPU.Build.0 = Debug|Any CPU
		{C8EC6004-B751-421E-8361-9377B8A7D172}.Release|Any CPU.ActiveCfg = Release|Any CPU
		{C8EC6004-B751-421E-8361-9377B8A7D172}.Release|Any CPU.Build.0 = Release|Any CPU
		{E787D150-894A-479D-A92F-02873E4B4C6F}.Debug|Any CPU.ActiveCfg = Debug|Any CPU
		{E787D150-894A-479D-A92F-02873E4B4C6F}.Debug|Any CPU.Build.0 = Debug|Any CPU
		{E787D150-894A-479D-A92F-02873E4B4C6F}.Release|Any CPU.ActiveCfg = Release|Any CPU
		{E787D150-894A-479D-A92F-02873E4B4C6F}.Release|Any CPU.Build.0 = Release|Any CPU
	EndGlobalSection
	GlobalSection(SolutionProperties) = preSolution
		HideSolutionNode = FALSE
	EndGlobalSection
	GlobalSection(ExtensibilityGlobals) = postSolution
		SolutionGuid = {3815A3A5-861C-441F-8B1D-1C7759041033}
	EndGlobalSection
EndGlobal
